
Microsoft Visual Studio Solution File, Format Version 12.00
# Visual Studio Version 17
VisualStudioVersion = 17.0.31919.166
MinimumVisualStudioVersion = 10.0.40219.1
Project("{FAE04EC0-301F-11D3-BF4B-00C04F79EFBC}") = "PromoApi", "PromoApi\PromoApi.csproj", "{0B683BF8-8FEC-45AC-A9C4-3F7CB29DC173}"
EndProject
Global
	GlobalSection(SolutionConfigurationPlatforms) = preSolution
		Debug|Any CPU = Debug|Any CPU
		Release|Any CPU = Release|Any CPU
	EndGlobalSection
	GlobalSection(ProjectConfigurationPlatforms) = postSolution
		{0B683BF8-8FEC-45AC-A9C4-3F7CB29DC173}.Debug|Any CPU.ActiveCfg = Debug|Any CPU
		{0B683BF8-8FEC-45AC-A9C4-3F7CB29DC173}.Debug|Any CPU.Build.0 = Debug|Any CPU
		{0B683BF8-8FEC-45AC-A9C4-3F7CB29DC173}.Release|Any CPU.ActiveCfg = Release|Any CPU
		{0B683BF8-8FEC-45AC-A9C4-3F7CB29DC173}.Release|Any CPU.Build.0 = Release|Any CPU
	EndGlobalSection
	GlobalSection(SolutionProperties) = preSolution
		HideSolutionNode = FALSE
	EndGlobalSection
	GlobalSection(ExtensibilityGlobals) = postSolution
		SolutionGuid = {EAB1B167-012D-4EF2-ABA9-35242CF87F56}
	EndGlobalSection
EndGlobal
